
Microsoft Visual Studio Solution File, Format Version 12.00
# Visual Studio Version 16
VisualStudioVersion = 16.0.32106.194
MinimumVisualStudioVersion = 10.0.40219.1
Project("{FAE04EC0-301F-11D3-BF4B-00C04F79EFBC}") = "ExampleApp", "ExampleApp\ExampleApp.csproj", "{19C04F67-CFC4-4E18-97AD-85E8F3B5972F}"
EndProject
Global
	GlobalSection(SolutionConfigurationPlatforms) = preSolution
		Debug|Any CPU = Debug|Any CPU
		Release|Any CPU = Release|Any CPU
	EndGlobalSection
	GlobalSection(ProjectConfigurationPlatforms) = postSolution
		{19C04F67-CFC4-4E18-97AD-85E8F3B5972F}.Debug|Any CPU.ActiveCfg = Debug|Any CPU
		{19C04F67-CFC4-4E18-97AD-85E8F3B5972F}.Debug|Any CPU.Build.0 = Debug|Any CPU
		{19C04F67-CFC4-4E18-97AD-85E8F3B5972F}.Release|Any CPU.ActiveCfg = Release|Any CPU
		{19C04F67-CFC4-4E18-97AD-85E8F3B5972F}.Release|Any CPU.Build.0 = Release|Any CPU
	EndGlobalSection
	GlobalSection(SolutionProperties) = preSolution
		HideSolutionNode = FALSE
	EndGlobalSection
	GlobalSection(ExtensibilityGlobals) = postSolution
		SolutionGuid = {3034469B-9B76-4BA4-ACAD-285C91A54A8A}
	EndGlobalSection
EndGlobal
